// !$*UTF8*$!
{
	archiveVersion = 1;
	classes = {
	};
	objectVersion = 46;
	objects = {

/* Begin PBXBuildFile section */
		52C4F09D1F3B2881002AFE67 /* MBProgressHUD.m in Sources */ = {isa = PBXBuildFile; fileRef = 5225DDEA1F3AF40D0039FFB6 /* MBProgressHUD.m */; };
		52C4F09E1F3B2881002AFE67 /* RNProgressHUD.m in Sources */ = {isa = PBXBuildFile; fileRef = 5225DDEC1F3AF40D0039FFB6 /* RNProgressHUD.m */; };
		52C4F09F1F3B2887002AFE67 /* RNProgressHUD.h in CopyFiles */ = {isa = PBXBuildFile; fileRef = 5225DDEB1F3AF40D0039FFB6 /* RNProgressHUD.h */; };
/* End PBXBuildFile section */

/* Begin PBXCopyFilesBuildPhase section */
		5E8C81041D86A08B00F9EC58 /* CopyFiles */ = {
			isa = PBXCopyFilesBuildPhase;
			buildActionMask = 2147483647;
			dstPath = "include/$(PRODUCT_NAME)";
			dstSubfolderSpec = 16;
			files = (
				52C4F09F1F3B2887002AFE67 /* RNProgressHUD.h in CopyFiles */,
			);
			runOnlyForDeploymentPostprocessing = 0;
		};
/* End PBXCopyFilesBuildPhase section */

/* Begin PBXFileReference section */
		5225DDE91F3AF40D0039FFB6 /* MBProgressHUD.h */ = {isa = PBXFileReference; lastKnownFileType = sourcecode.c.h; path = MBProgressHUD.h; sourceTree = "<group>"; };
		5225DDEA1F3AF40D0039FFB6 /* MBProgressHUD.m */ = {isa = PBXFileReference; lastKnownFileType = sourcecode.c.objc; path = MBProgressHUD.m; sourceTree = "<group>"; };
		5225DDEB1F3AF40D0039FFB6 /* RNProgressHUD.h */ = {isa = PBXFileReference; lastKnownFileType = sourcecode.c.h; path = RNProgressHUD.h; sourceTree = "<group>"; };
		5225DDEC1F3AF40D0039FFB6 /* RNProgressHUD.m */ = {isa = PBXFileReference; lastKnownFileType = sourcecode.c.objc; path = RNProgressHUD.m; sourceTree = "<group>"; };
		5E8C81061D86A08B00F9EC58 /* libRNProgressHUD.a */ = {isa = PBXFileReference; explicitFileType = archive.ar; includeInIndex = 0; path = libRNProgressHUD.a; sourceTree = BUILT_PRODUCTS_DIR; };
/* End PBXFileReference section */

/* Begin PBXFrameworksBuildPhase section */
		5E8C81031D86A08B00F9EC58 /* Frameworks */ = {
			isa = PBXFrameworksBuildPhase;
			buildActionMask = 2147483647;
			files = (
			);
			runOnlyForDeploymentPostprocessing = 0;
		};
/* End PBXFrameworksBuildPhase section */

/* Begin PBXGroup section */
		5225DDE81F3AF40D0039FFB6 /* RNProgressHUD */ = {
			isa = PBXGroup;
			children = (
				5225DDE91F3AF40D0039FFB6 /* MBProgressHUD.h */,
				5225DDEA1F3AF40D0039FFB6 /* MBProgressHUD.m */,
				5225DDEB1F3AF40D0039FFB6 /* RNProgressHUD.h */,
				5225DDEC1F3AF40D0039FFB6 /* RNProgressHUD.m */,
			);
			path = RNProgressHUD;
			sourceTree = "<group>";
		};
		5E8C80FD1D86A08B00F9EC58 = {
			isa = PBXGroup;
			children = (
				5225DDE81F3AF40D0039FFB6 /* RNProgressHUD */,
				5E8C81071D86A08B00F9EC58 /* Products */,
			);
			sourceTree = "<group>";
		};
		5E8C81071D86A08B00F9EC58 /* Products */ = {
			isa = PBXGroup;
			children = (
				5E8C81061D86A08B00F9EC58 /* libRNProgressHUD.a */,
			);
			name = Products;
			sourceTree = "<group>";
		};
/* End PBXGroup section */

/* Begin PBXNativeTarget section */
		5E8C81051D86A08B00F9EC58 /* RNProgressHUD */ = {
			isa = PBXNativeTarget;
			buildConfigurationList = 5E8C810F1D86A08B00F9EC58 /* Build configuration list for PBXNativeTarget "RNProgressHUD" */;
			buildPhases = (
				5E8C81021D86A08B00F9EC58 /* Sources */,
				5E8C81031D86A08B00F9EC58 /* Frameworks */,
				5E8C81041D86A08B00F9EC58 /* CopyFiles */,
			);
			buildRules = (
			);
			dependencies = (
			);
			name = RNProgressHUD;
			productName = RNProgressHUD;
			productReference = 5E8C81061D86A08B00F9EC58 /* libRNProgressHUD.a */;
			productType = "com.apple.product-type.library.static";
		};
/* End PBXNativeTarget section */

/* Begin PBXProject section */
		5E8C80FE1D86A08B00F9EC58 /* Project object */ = {
			isa = PBXProject;
			attributes = {
				LastUpgradeCheck = 0730;
				ORGANIZATIONNAME = amsoft;
				TargetAttributes = {
					5E8C81051D86A08B00F9EC58 = {
						CreatedOnToolsVersion = 7.3;
					};
				};
			};
			buildConfigurationList = 5E8C81011D86A08B00F9EC58 /* Build configuration list for PBXProject "RNProgressHUD" */;
			compatibilityVersion = "Xcode 3.2";
			developmentRegion = English;
			hasScannedForEncodings = 0;
			knownRegions = (
				en,
			);
			mainGroup = 5E8C80FD1D86A08B00F9EC58;
			productRefGroup = 5E8C81071D86A08B00F9EC58 /* Products */;
			projectDirPath = "";
			projectRoot = "";
			targets = (
				5E8C81051D86A08B00F9EC58 /* RNProgressHUD */,
			);
		};
/* End PBXProject section */

/* Begin PBXSourcesBuildPhase section */
		5E8C81021D86A08B00F9EC58 /* Sources */ = {
			isa = PBXSourcesBuildPhase;
			buildActionMask = 2147483647;
			files = (
				52C4F09D1F3B2881002AFE67 /* MBProgressHUD.m in Sources */,
				52C4F09E1F3B2881002AFE67 /* RNProgressHUD.m in Sources */,
			);
			runOnlyForDeploymentPostprocessing = 0;
		};
/* End PBXSourcesBuildPhase section */

/* Begin XCBuildConfiguration section */
		5E8C810D1D86A08B00F9EC58 /* Debug */ = {
			isa = XCBuildConfiguration;
			buildSettings = {
				ALWAYS_SEARCH_USER_PATHS = NO;
				CLANG_ANALYZER_NONNULL = YES;
				CLANG_CXX_LANGUAGE_STANDARD = "gnu++0x";
				CLANG_CXX_LIBRARY = "libc++";
				CLANG_ENABLE_MODULES = YES;
				CLANG_ENABLE_OBJC_ARC = YES;
				CLANG_WARN_BOOL_CONVERSION = YES;
				CLANG_WARN_CONSTANT_CONVERSION = YES;
				CLANG_WARN_DIRECT_OBJC_ISA_USAGE = YES_ERROR;
				CLANG_WARN_EMPTY_BODY = YES;
				CLANG_WARN_ENUM_CONVERSION = YES;
				CLANG_WARN_INT_CONVERSION = YES;
				CLANG_WARN_OBJC_ROOT_CLASS = YES_ERROR;
				CLANG_WARN_UNREACHABLE_CODE = YES;
				CLANG_WARN__DUPLICATE_METHOD_MATCH = YES;
				"CODE_SIGN_IDENTITY[sdk=iphoneos*]" = "iPhone Developer";
				COPY_PHASE_STRIP = NO;
				DEBUG_INFORMATION_FORMAT = dwarf;
				ENABLE_STRICT_OBJC_MSGSEND = YES;
				ENABLE_TESTABILITY = YES;
				GCC_C_LANGUAGE_STANDARD = gnu99;
				GCC_DYNAMIC_NO_PIC = NO;
				GCC_NO_COMMON_BLOCKS = YES;
				GCC_OPTIMIZATION_LEVEL = 0;
				GCC_PREPROCESSOR_DEFINITIONS = (
					"DEBUG=1",
					"$(inherited)",
				);
				GCC_WARN_64_TO_32_BIT_CONVERSION = YES;
				GCC_WARN_ABOUT_RETURN_TYPE = YES_ERROR;
				GCC_WARN_UNDECLARED_SELECTOR = YES;
				GCC_WARN_UNINITIALIZED_AUTOS = YES_AGGRESSIVE;
				GCC_WARN_UNUSED_FUNCTION = YES;
				GCC_WARN_UNUSED_VARIABLE = YES;
				IPHONEOS_DEPLOYMENT_TARGET = 8.0;
				MTL_ENABLE_DEBUG_INFO = YES;
				ONLY_ACTIVE_ARCH = YES;
				SDKROOT = iphoneos;
			};
			name = Debug;
		};
		5E8C810E1D86A08B00F9EC58 /* Release */ = {
			isa = XCBuildConfiguration;
			buildSettings = {
				ALWAYS_SEARCH_USER_PATHS = NO;
				CLANG_ANALYZER_NONNULL = YES;
				CLANG_CXX_LANGUAGE_STANDARD = "gnu++0x";
				CLANG_CXX_LIBRARY = "libc++";
				CLANG_ENABLE_MODULES = YES;
				CLANG_ENABLE_OBJC_ARC = YES;
				CLANG_WARN_BOOL_CONVERSION = YES;
				CLANG_WARN_CONSTANT_CONVERSION = YES;
				CLANG_WARN_DIRECT_OBJC_ISA_USAGE = YES_ERROR;
				CLANG_WARN_EMPTY_BODY = YES;
				CLANG_WARN_ENUM_CONVERSION = YES;
				CLANG_WARN_INT_CONVERSION = YES;
				CLANG_WARN_OBJC_ROOT_CLASS = YES_ERROR;
				CLANG_WARN_UNREACHABLE_CODE = YES;
				CLANG_WARN__DUPLICATE_METHOD_MATCH = YES;
				"CODE_SIGN_IDENTITY[sdk=iphoneos*]" = "iPhone Developer";
				COPY_PHASE_STRIP = NO;
				DEBUG_INFORMATION_FORMAT = "dwarf-with-dsym";
				ENABLE_NS_ASSERTIONS = NO;
				ENABLE_STRICT_OBJC_MSGSEND = YES;
				GCC_C_LANGUAGE_STANDARD = gnu99;
				GCC_NO_COMMON_BLOCKS = YES;
				GCC_WARN_64_TO_32_BIT_CONVERSION = YES;
				GCC_WARN_ABOUT_RETURN_TYPE = YES_ERROR;
				GCC_WARN_UNDECLARED_SELECTOR = YES;
				GCC_WARN_UNINITIALIZED_AUTOS = YES_AGGRESSIVE;
				GCC_WARN_UNUSED_FUNCTION = YES;
				GCC_WARN_UNUSED_VARIABLE = YES;
				IPHONEOS_DEPLOYMENT_TARGET = 8.0;
				MTL_ENABLE_DEBUG_INFO = NO;
				SDKROOT = iphoneos;
				VALIDATE_PRODUCT = YES;
			};
			name = Release;
		};
		5E8C81101D86A08B00F9EC58 /* Debug */ = {
			isa = XCBuildConfiguration;
			buildSettings = {
				HEADER_SEARCH_PATHS = (
					"$(SRCROOT)/../../../node_modules/react-native/React/**",
					"$(SRCROOT)/../node_modules/react-native/React/**",
				);
				OTHER_LDFLAGS = "-ObjC";
				PRODUCT_NAME = "$(TARGET_NAME)";
				SKIP_INSTALL = YES;
			};
			name = Debug;
		};
		5E8C81111D86A08B00F9EC58 /* Release */ = {
			isa = XCBuildConfiguration;
			buildSettings = {
				HEADER_SEARCH_PATHS = (
					"$(SRCROOT)/../../../node_modules/react-native/React/**",
					"$(SRCROOT)/../node_modules/react-native/React/**",
				);
				OTHER_LDFLAGS = "-ObjC";
				PRODUCT_NAME = "$(TARGET_NAME)";
				SKIP_INSTALL = YES;
			};
			name = Release;
		};
/* End XCBuildConfiguration section */

/* Begin XCConfigurationList section */
		5E8C81011D86A08B00F9EC58 /* Build configuration list for PBXProject "RNProgressHUD" */ = {
			isa = XCConfigurationList;
			buildConfigurations = (
				5E8C810D1D86A08B00F9EC58 /* Debug */,
				5E8C810E1D86A08B00F9EC58 /* Release */,
			);
			defaultConfigurationIsVisible = 0;
			defaultConfigurationName = Release;
		};
		5E8C810F1D86A08B00F9EC58 /* Build configuration list for PBXNativeTarget "RNProgressHUD" */ = {
			isa = XCConfigurationList;
			buildConfigurations = (
				5E8C81101D86A08B00F9EC58 /* Debug */,
				5E8C81111D86A08B00F9EC58 /* Release */,
			);
			defaultConfigurationIsVisible = 0;
			defaultConfigurationName = Release;
		};
/* End XCConfigurationList section */
	};
	rootObject = 5E8C80FE1D86A08B00F9EC58 /* Project object */;
}
